// !$*UTF8*$!
{
	archiveVersion = 1;
	classes = {
	};
	objectVersion = 55;
	objects = {

/* Begin PBXBuildFile section */
		4BBB32F128285F2A0079738B /* hw4.cpp in Sources */ = {isa = PBXBuildFile; fileRef = 4BBB32F028285F2A0079738B /* hw4.cpp */; };
		4BBB32F328285F390079738B /* Complex.cpp in Sources */ = {isa = PBXBuildFile; fileRef = 4BBB32F228285F390079738B /* Complex.cpp */; };
		4BBB32F628285F620079738B /* ComplexVector.cpp in Sources */ = {isa = PBXBuildFile; fileRef = 4BBB32F528285F620079738B /* ComplexVector.cpp */; };
		4BBB32F9282888A10079738B /* sadge.cpp in Sources */ = {isa = PBXBuildFile; fileRef = 4BBB32F8282888A10079738B /* sadge.cpp */; };
/* End PBXBuildFile section */

/* Begin PBXCopyFilesBuildPhase section */
		4BBB32E428285EBE0079738B /* CopyFiles */ = {
			isa = PBXCopyFilesBuildPhase;
			buildActionMask = 2147483647;
			dstPath = /usr/share/man/man1/;
			dstSubfolderSpec = 0;
			files = (
			);
			runOnlyForDeploymentPostprocessing = 1;
		};
/* End PBXCopyFilesBuildPhase section */

/* Begin PBXFileReference section */
		4BBB32E628285EBE0079738B /* HW4 */ = {isa = PBXFileReference; explicitFileType = "compiled.mach-o.executable"; includeInIndex = 0; path = HW4; sourceTree = BUILT_PRODUCTS_DIR; };
		4BBB32F028285F2A0079738B /* hw4.cpp */ = {isa = PBXFileReference; lastKnownFileType = sourcecode.cpp.cpp; path = hw4.cpp; sourceTree = "<group>"; };
		4BBB32F228285F390079738B /* Complex.cpp */ = {isa = PBXFileReference; lastKnownFileType = sourcecode.cpp.cpp; path = Complex.cpp; sourceTree = "<group>"; };
		4BBB32F428285F480079738B /* Complex.h */ = {isa = PBXFileReference; lastKnownFileType = sourcecode.c.h; path = Complex.h; sourceTree = "<group>"; };
		4BBB32F528285F620079738B /* ComplexVector.cpp */ = {isa = PBXFileReference; lastKnownFileType = sourcecode.cpp.cpp; path = ComplexVector.cpp; sourceTree = "<group>"; };
		4BBB32F728285F710079738B /* ComplexVector.h */ = {isa = PBXFileReference; lastKnownFileType = sourcecode.c.h; path = ComplexVector.h; sourceTree = "<group>"; };
		4BBB32F8282888A10079738B /* sadge.cpp */ = {isa = PBXFileReference; lastKnownFileType = sourcecode.cpp.cpp; path = sadge.cpp; sourceTree = "<group>"; };
/* End PBXFileReference section */

/* Begin PBXFrameworksBuildPhase section */
		4BBB32E328285EBE0079738B /* Frameworks */ = {
			isa = PBXFrameworksBuildPhase;
			buildActionMask = 2147483647;
			files = (
			);
			runOnlyForDeploymentPostprocessing = 0;
		};
/* End PBXFrameworksBuildPhase section */

/* Begin PBXGroup section */
		4BBB32DD28285EBE0079738B = {
			isa = PBXGroup;
			children = (
				4BBB32E828285EBE0079738B /* HW4 */,
				4BBB32E728285EBE0079738B /* Products */,
			);
			sourceTree = "<group>";
		};
		4BBB32E728285EBE0079738B /* Products */ = {
			isa = PBXGroup;
			children = (
				4BBB32E628285EBE0079738B /* HW4 */,
			);
			name = Products;
			sourceTree = "<group>";
		};
		4BBB32E828285EBE0079738B /* HW4 */ = {
			isa = PBXGroup;
			children = (
				4BBB32F028285F2A0079738B /* hw4.cpp */,
				4BBB32F228285F390079738B /* Complex.cpp */,
				4BBB32F428285F480079738B /* Complex.h */,
				4BBB32F528285F620079738B /* ComplexVector.cpp */,
				4BBB32F728285F710079738B /* ComplexVector.h */,
				4BBB32F8282888A10079738B /* sadge.cpp */,
			);
			path = HW4;
			sourceTree = "<group>";
		};
/* End PBXGroup section */

/* Begin PBXNativeTarget section */
		4BBB32E528285EBE0079738B /* HW4 */ = {
			isa = PBXNativeTarget;
			buildConfigurationList = 4BBB32ED28285EBE0079738B /* Build configuration list for PBXNativeTarget "HW4" */;
			buildPhases = (
				4BBB32E228285EBE0079738B /* Sources */,
				4BBB32E328285EBE0079738B /* Frameworks */,
				4BBB32E428285EBE0079738B /* CopyFiles */,
			);
			buildRules = (
			);
			dependencies = (
			);
			name = HW4;
			productName = HW4;
			productReference = 4BBB32E628285EBE0079738B /* HW4 */;
			productType = "com.apple.product-type.tool";
		};
/* End PBXNativeTarget section */

/* Begin PBXProject section */
		4BBB32DE28285EBE0079738B /* Project object */ = {
			isa = PBXProject;
			attributes = {
				BuildIndependentTargetsInParallel = 1;
				LastUpgradeCheck = 1330;
				TargetAttributes = {
					4BBB32E528285EBE0079738B = {
						CreatedOnToolsVersion = 13.3;
					};
				};
			};
			buildConfigurationList = 4BBB32E128285EBE0079738B /* Build configuration list for PBXProject "HW4" */;
			compatibilityVersion = "Xcode 13.0";
			developmentRegion = en;
			hasScannedForEncodings = 0;
			knownRegions = (
				en,
				Base,
			);
			mainGroup = 4BBB32DD28285EBE0079738B;
			productRefGroup = 4BBB32E728285EBE0079738B /* Products */;
			projectDirPath = "";
			projectRoot = "";
			targets = (
				4BBB32E528285EBE0079738B /* HW4 */,
			);
		};
/* End PBXProject section */

/* Begin PBXSourcesBuildPhase section */
		4BBB32E228285EBE0079738B /* Sources */ = {
			isa = PBXSourcesBuildPhase;
			buildActionMask = 2147483647;
			files = (
				4BBB32F328285F390079738B /* Complex.cpp in Sources */,
				4BBB32F128285F2A0079738B /* hw4.cpp in Sources */,
				4BBB32F9282888A10079738B /* sadge.cpp in Sources */,
				4BBB32F628285F620079738B /* ComplexVector.cpp in Sources */,
			);
			runOnlyForDeploymentPostprocessing = 0;
		};
/* End PBXSourcesBuildPhase section */

/* Begin XCBuildConfiguration section */
		4BBB32EB28285EBE0079738B /* Debug */ = {
			isa = XCBuildConfiguration;
			buildSettings = {
				ALWAYS_SEARCH_USER_PATHS = NO;
				CLANG_ANALYZER_NONNULL = YES;
				CLANG_ANALYZER_NUMBER_OBJECT_CONVERSION = YES_AGGRESSIVE;
				CLANG_CXX_LANGUAGE_STANDARD = "gnu++17";
				CLANG_ENABLE_MODULES = YES;
				CLANG_ENABLE_OBJC_ARC = YES;
				CLANG_ENABLE_OBJC_WEAK = YES;
				CLANG_WARN_BLOCK_CAPTURE_AUTORELEASING = YES;
				CLANG_WARN_BOOL_CONVERSION = YES;
				CLANG_WARN_COMMA = YES;
				CLANG_WARN_CONSTANT_CONVERSION = YES;
				CLANG_WARN_DEPRECATED_OBJC_IMPLEMENTATIONS = YES;
				CLANG_WARN_DIRECT_OBJC_ISA_USAGE = YES_ERROR;
				CLANG_WARN_DOCUMENTATION_COMMENTS = YES;
				CLANG_WARN_EMPTY_BODY = YES;
				CLANG_WARN_ENUM_CONVERSION = YES;
				CLANG_WARN_INFINITE_RECURSION = YES;
				CLANG_WARN_INT_CONVERSION = YES;
				CLANG_WARN_NON_LITERAL_NULL_CONVERSION = YES;
				CLANG_WARN_OBJC_IMPLICIT_RETAIN_SELF = YES;
				CLANG_WARN_OBJC_LITERAL_CONVERSION = YES;
				CLANG_WARN_OBJC_ROOT_CLASS = YES_ERROR;
				CLANG_WARN_QUOTED_INCLUDE_IN_FRAMEWORK_HEADER = YES;
				CLANG_WARN_RANGE_LOOP_ANALYSIS = YES;
				CLANG_WARN_STRICT_PROTOTYPES = YES;
				CLANG_WARN_SUSPICIOUS_MOVE = YES;
				CLANG_WARN_UNGUARDED_AVAILABILITY = YES_AGGRESSIVE;
				CLANG_WARN_UNREACHABLE_CODE = YES;
				CLANG_WARN__DUPLICATE_METHOD_MATCH = YES;
				COPY_PHASE_STRIP = NO;
				DEBUG_INFORMATION_FORMAT = dwarf;
				ENABLE_STRICT_OBJC_MSGSEND = YES;
				ENABLE_TESTABILITY = YES;
				GCC_C_LANGUAGE_STANDARD = gnu11;
				GCC_DYNAMIC_NO_PIC = NO;
				GCC_NO_COMMON_BLOCKS = YES;
				GCC_OPTIMIZATION_LEVEL = 0;
				GCC_PREPROCESSOR_DEFINITIONS = (
					"DEBUG=1",
					"$(inherited)",
				);
				GCC_WARN_64_TO_32_BIT_CONVERSION = YES;
				GCC_WARN_ABOUT_RETURN_TYPE = YES_ERROR;
				GCC_WARN_UNDECLARED_SELECTOR = YES;
				GCC_WARN_UNINITIALIZED_AUTOS = YES_AGGRESSIVE;
				GCC_WARN_UNUSED_FUNCTION = YES;
				GCC_WARN_UNUSED_VARIABLE = YES;
				MACOSX_DEPLOYMENT_TARGET = 12.2;
				MTL_ENABLE_DEBUG_INFO = INCLUDE_SOURCE;
				MTL_FAST_MATH = YES;
				ONLY_ACTIVE_ARCH = YES;
				SDKROOT = macosx;
			};
			name = Debug;
		};
		4BBB32EC28285EBE0079738B /* Release */ = {
			isa = XCBuildConfiguration;
			buildSettings = {
				ALWAYS_SEARCH_USER_PATHS = NO;
				CLANG_ANALYZER_NONNULL = YES;
				CLANG_ANALYZER_NUMBER_OBJECT_CONVERSION = YES_AGGRESSIVE;
				CLANG_CXX_LANGUAGE_STANDARD = "gnu++17";
				CLANG_ENABLE_MODULES = YES;
				CLANG_ENABLE_OBJC_ARC = YES;
				CLANG_ENABLE_OBJC_WEAK = YES;
				CLANG_WARN_BLOCK_CAPTURE_AUTORELEASING = YES;
				CLANG_WARN_BOOL_CONVERSION = YES;
				CLANG_WARN_COMMA = YES;
				CLANG_WARN_CONSTANT_CONVERSION = YES;
				CLANG_WARN_DEPRECATED_OBJC_IMPLEMENTATIONS = YES;
				CLANG_WARN_DIRECT_OBJC_ISA_USAGE = YES_ERROR;
				CLANG_WARN_DOCUMENTATION_COMMENTS = YES;
				CLANG_WARN_EMPTY_BODY = YES;
				CLANG_WARN_ENUM_CONVERSION = YES;
				CLANG_WARN_INFINITE_RECURSION = YES;
				CLANG_WARN_INT_CONVERSION = YES;
				CLANG_WARN_NON_LITERAL_NULL_CONVERSION = YES;
				CLANG_WARN_OBJC_IMPLICIT_RETAIN_SELF = YES;
				CLANG_WARN_OBJC_LITERAL_CONVERSION = YES;
				CLANG_WARN_OBJC_ROOT_CLASS = YES_ERROR;
				CLANG_WARN_QUOTED_INCLUDE_IN_FRAMEWORK_HEADER = YES;
				CLANG_WARN_RANGE_LOOP_ANALYSIS = YES;
				CLANG_WARN_STRICT_PROTOTYPES = YES;
				CLANG_WARN_SUSPICIOUS_MOVE = YES;
				CLANG_WARN_UNGUARDED_AVAILABILITY = YES_AGGRESSIVE;
				CLANG_WARN_UNREACHABLE_CODE = YES;
				CLANG_WARN__DUPLICATE_METHOD_MATCH = YES;
				COPY_PHASE_STRIP = NO;
				DEBUG_INFORMATION_FORMAT = "dwarf-with-dsym";
				ENABLE_NS_ASSERTIONS = NO;
				ENABLE_STRICT_OBJC_MSGSEND = YES;
				GCC_C_LANGUAGE_STANDARD = gnu11;
				GCC_NO_COMMON_BLOCKS = YES;
				GCC_WARN_64_TO_32_BIT_CONVERSION = YES;
				GCC_WARN_ABOUT_RETURN_TYPE = YES_ERROR;
				GCC_WARN_UNDECLARED_SELECTOR = YES;
				GCC_WARN_UNINITIALIZED_AUTOS = YES_AGGRESSIVE;
				GCC_WARN_UNUSED_FUNCTION = YES;
				GCC_WARN_UNUSED_VARIABLE = YES;
				MACOSX_DEPLOYMENT_TARGET = 12.2;
				MTL_ENABLE_DEBUG_INFO = NO;
				MTL_FAST_MATH = YES;
				SDKROOT = macosx;
			};
			name = Release;
		};
		4BBB32EE28285EBE0079738B /* Debug */ = {
			isa = XCBuildConfiguration;
			buildSettings = {
				CODE_SIGN_STYLE = Automatic;
				DEVELOPMENT_TEAM = LF3696Q64J;
				ENABLE_HARDENED_RUNTIME = YES;
				PRODUCT_NAME = "$(TARGET_NAME)";
			};
			name = Debug;
		};
		4BBB32EF28285EBE0079738B /* Release */ = {
			isa = XCBuildConfiguration;
			buildSettings = {
				CODE_SIGN_STYLE = Automatic;
				DEVELOPMENT_TEAM = LF3696Q64J;
				ENABLE_HARDENED_RUNTIME = YES;
				PRODUCT_NAME = "$(TARGET_NAME)";
			};
			name = Release;
		};
/* End XCBuildConfiguration section */

/* Begin XCConfigurationList section */
		4BBB32E128285EBE0079738B /* Build configuration list for PBXProject "HW4" */ = {
			isa = XCConfigurationList;
			buildConfigurations = (
				4BBB32EB28285EBE0079738B /* Debug */,
				4BBB32EC28285EBE0079738B /* Release */,
			);
			defaultConfigurationIsVisible = 0;
			defaultConfigurationName = Release;
		};
		4BBB32ED28285EBE0079738B /* Build configuration list for PBXNativeTarget "HW4" */ = {
			isa = XCConfigurationList;
			buildConfigurations = (
				4BBB32EE28285EBE0079738B /* Debug */,
				4BBB32EF28285EBE0079738B /* Release */,
			);
			defaultConfigurationIsVisible = 0;
			defaultConfigurationName = Release;
		};
/* End XCConfigurationList section */
	};
	rootObject = 4BBB32DE28285EBE0079738B /* Project object */;
}
